
Microsoft Visual Studio Solution File, Format Version 12.00
# Visual Studio 2012
Project("{FAE04EC0-301F-11D3-BF4B-00C04F79EFBC}") = "HdfsExplorer", "HdfsExplorer\HdfsExplorer.csproj", "{4DB2D075-8AB9-4BF7-9659-1D261E1D8938}"
EndProject
Global
	GlobalSection(SolutionConfigurationPlatforms) = preSolution
		Debug|Any CPU = Debug|Any CPU
		Release|Any CPU = Release|Any CPU
	EndGlobalSection
	GlobalSection(ProjectConfigurationPlatforms) = postSolution
		{4DB2D075-8AB9-4BF7-9659-1D261E1D8938}.Debug|Any CPU.ActiveCfg = Debug|Any CPU
		{4DB2D075-8AB9-4BF7-9659-1D261E1D8938}.Debug|Any CPU.Build.0 = Debug|Any CPU
		{4DB2D075-8AB9-4BF7-9659-1D261E1D8938}.Release|Any CPU.ActiveCfg = Release|Any CPU
		{4DB2D075-8AB9-4BF7-9659-1D261E1D8938}.Release|Any CPU.Build.0 = Release|Any CPU
	EndGlobalSection
	GlobalSection(SolutionProperties) = preSolution
		HideSolutionNode = FALSE
	EndGlobalSection
EndGlobal
